{
  "version": 4,
  "terraform_version": "1.12.2",
  "serial": 246,
  "lineage": "4d3cba3f-2248-3b5d-5b56-4d3075ad5acc",
  "outputs": {
    "private_instance_private_ips": {
      "value": [
        "10.0.3.12"
      ],
      "type": [
        "tuple",
        [
          "string"
        ]
      ]
    },
    "private_subnet_ids": {
      "value": [
        "subnet-02f66892f57a3ab4a"
      ],
      "type": [
        "tuple",
        [
          "string"
        ]
      ]
    },
    "public_instance_private_ips": {
      "value": [
        "10.0.1.210",
        "10.0.1.197"
      ],
      "type": [
        "tuple",
        [
          "string",
          "string"
        ]
      ]
    },
    "public_instance_public_ips": {
      "value": [
        "44.222.161.117",
        "44.203.16.220"
      ],
      "type": [
        "tuple",
        [
          "string",
          "string"
        ]
      ]
    },
    "public_subnet_ids": {
      "value": [
        "subnet-023eed6f55fa220c4"
      ],
      "type": [
        "tuple",
        [
          "string"
        ]
      ]
    }
  },
  "resources": [
    {
      "module": "module.web",
      "mode": "managed",
      "type": "aws_instance",
      "name": "nat_instance",
      "provider": "module.web.provider[\"registry.terraform.io/hashicorp/aws\"]",
      "instances": [
        {
          "schema_version": 2,
          "attributes": {
            "ami": "ami-020cba7c55df1f615",
            "arn": "arn:aws:ec2:us-east-1:180344874861:instance/i-0460755da0cd1ccb2",
            "associate_public_ip_address": true,
            "availability_zone": "us-east-1a",
            "capacity_reservation_specification": [
              {
                "capacity_reservation_preference": "open",
                "capacity_reservation_target": []
              }
            ],
            "cpu_options": [
              {
                "amd_sev_snp": "",
                "core_count": 1,
                "threads_per_core": 1
              }
            ],
            "credit_specification": [
              {
                "cpu_credits": "standard"
              }
            ],
            "disable_api_stop": false,
            "disable_api_termination": false,
            "ebs_block_device": [],
            "ebs_optimized": false,
            "enable_primary_ipv6": null,
            "enclave_options": [
              {
                "enabled": false
              }
            ],
            "ephemeral_block_device": [],
            "force_destroy": false,
            "get_password_data": false,
            "hibernation": false,
            "host_id": "",
            "host_resource_group_arn": null,
            "iam_instance_profile": "",
            "id": "i-0460755da0cd1ccb2",
            "instance_initiated_shutdown_behavior": "stop",
            "instance_lifecycle": "",
            "instance_market_options": [],
            "instance_state": "running",
            "instance_type": "t2.micro",
            "ipv6_address_count": 0,
            "ipv6_addresses": [],
            "key_name": "dev-my-key",
            "launch_template": [],
            "maintenance_options": [
              {
                "auto_recovery": "default"
              }
            ],
            "metadata_options": [
              {
                "http_endpoint": "enabled",
                "http_protocol_ipv6": "disabled",
                "http_put_response_hop_limit": 2,
                "http_tokens": "required",
                "instance_metadata_tags": "disabled"
              }
            ],
            "monitoring": false,
            "network_interface": [],
            "outpost_arn": "",
            "password_data": "",
            "placement_group": "",
            "placement_partition_number": 0,
            "primary_network_interface_id": "eni-0b7f57d59d1f871bf",
            "private_dns": "ip-10-0-1-252.ec2.internal",
            "private_dns_name_options": [
              {
                "enable_resource_name_dns_a_record": false,
                "enable_resource_name_dns_aaaa_record": false,
                "hostname_type": "ip-name"
              }
            ],
            "private_ip": "10.0.1.252",
            "public_dns": "ec2-3-239-163-96.compute-1.amazonaws.com",
            "public_ip": "3.239.163.96",
            "region": "us-east-1",
            "root_block_device": [
              {
                "delete_on_termination": true,
                "device_name": "/dev/sda1",
                "encrypted": false,
                "iops": 3000,
                "kms_key_id": "",
                "tags": {},
                "tags_all": {},
                "throughput": 125,
                "volume_id": "vol-081db015bd1040d14",
                "volume_size": 8,
                "volume_type": "gp3"
              }
            ],
            "secondary_private_ips": [],
            "security_groups": [],
            "source_dest_check": false,
            "spot_instance_request_id": "",
            "subnet_id": "subnet-023eed6f55fa220c4",
            "tags": {
              "Name": "dev-nat-instance"
            },
            "tags_all": {
              "Name": "dev-nat-instance"
            },
            "tenancy": "default",
            "timeouts": null,
            "user_data": null,
            "user_data_base64": null,
            "user_data_replace_on_change": false,
            "volume_tags": null,
            "vpc_security_group_ids": [
              "sg-0456d61b141f22b4c"
            ]
          },
          "sensitive_attributes": [],
          "identity_schema_version": 0,
          "private": "eyJlMmJmYjczMC1lY2FhLTExZTYtOGY4OC0zNDM2M2JjN2M0YzAiOnsiY3JlYXRlIjo2MDAwMDAwMDAwMDAsImRlbGV0ZSI6MTIwMDAwMDAwMDAwMCwicmVhZCI6OTAwMDAwMDAwMDAwLCJ1cGRhdGUiOjYwMDAwMDAwMDAwMH0sInNjaGVtYV92ZXJzaW9uIjoiMiJ9",
          "dependencies": [
            "module.web.aws_security_group.nat_sg",
            "module.web.aws_subnet.public",
            "module.web.aws_vpc.Terraform_vpc"
          ]
        }
      ]
    },
    {
      "module": "module.web",
      "mode": "managed",
      "type": "aws_instance",
      "name": "private_instances",
      "provider": "module.web.provider[\"registry.terraform.io/hashicorp/aws\"]",
      "instances": [
        {
          "index_key": 0,
          "schema_version": 2,
          "attributes": {
            "ami": "ami-020cba7c55df1f615",
            "arn": "arn:aws:ec2:us-east-1:180344874861:instance/i-04bc4f0c1ef31770c",
            "associate_public_ip_address": false,
            "availability_zone": "us-east-1a",
            "capacity_reservation_specification": [
              {
                "capacity_reservation_preference": "open",
                "capacity_reservation_target": []
              }
            ],
            "cpu_options": [
              {
                "amd_sev_snp": "",
                "core_count": 1,
                "threads_per_core": 1
              }
            ],
            "credit_specification": [
              {
                "cpu_credits": "standard"
              }
            ],
            "disable_api_stop": false,
            "disable_api_termination": false,
            "ebs_block_device": [],
            "ebs_optimized": false,
            "enable_primary_ipv6": null,
            "enclave_options": [
              {
                "enabled": false
              }
            ],
            "ephemeral_block_device": [],
            "force_destroy": false,
            "get_password_data": false,
            "hibernation": false,
            "host_id": "",
            "host_resource_group_arn": null,
            "iam_instance_profile": "",
            "id": "i-04bc4f0c1ef31770c",
            "instance_initiated_shutdown_behavior": "stop",
            "instance_lifecycle": "",
            "instance_market_options": [],
            "instance_state": "running",
            "instance_type": "t2.micro",
            "ipv6_address_count": 0,
            "ipv6_addresses": [],
            "key_name": "dev-my-key",
            "launch_template": [],
            "maintenance_options": [
              {
                "auto_recovery": "default"
              }
            ],
            "metadata_options": [
              {
                "http_endpoint": "enabled",
                "http_protocol_ipv6": "disabled",
                "http_put_response_hop_limit": 2,
                "http_tokens": "required",
                "instance_metadata_tags": "disabled"
              }
            ],
            "monitoring": false,
            "network_interface": [],
            "outpost_arn": "",
            "password_data": "",
            "placement_group": "",
            "placement_partition_number": 0,
            "primary_network_interface_id": "eni-0af27ad62a27e3fe3",
            "private_dns": "ip-10-0-3-12.ec2.internal",
            "private_dns_name_options": [
              {
                "enable_resource_name_dns_a_record": false,
                "enable_resource_name_dns_aaaa_record": false,
                "hostname_type": "ip-name"
              }
            ],
            "private_ip": "10.0.3.12",
            "public_dns": "",
            "public_ip": "",
            "region": "us-east-1",
            "root_block_device": [
              {
                "delete_on_termination": true,
                "device_name": "/dev/sda1",
                "encrypted": false,
                "iops": 3000,
                "kms_key_id": "",
                "tags": {},
                "tags_all": {},
                "throughput": 125,
                "volume_id": "vol-0f958c87bd1d00957",
                "volume_size": 8,
                "volume_type": "gp3"
              }
            ],
            "secondary_private_ips": [],
            "security_groups": [],
            "source_dest_check": true,
            "spot_instance_request_id": "",
            "subnet_id": "subnet-02f66892f57a3ab4a",
            "tags": {
              "Environment": "dev",
              "Name": "dev-private-instance-1"
            },
            "tags_all": {
              "Environment": "dev",
              "Name": "dev-private-instance-1"
            },
            "tenancy": "default",
            "timeouts": null,
            "user_data": null,
            "user_data_base64": null,
            "user_data_replace_on_change": false,
            "volume_tags": null,
            "vpc_security_group_ids": [
              "sg-08903ea8d39019972"
            ]
          },
          "sensitive_attributes": [],
          "identity_schema_version": 0,
          "private": "eyJlMmJmYjczMC1lY2FhLTExZTYtOGY4OC0zNDM2M2JjN2M0YzAiOnsiY3JlYXRlIjo2MDAwMDAwMDAwMDAsImRlbGV0ZSI6MTIwMDAwMDAwMDAwMCwicmVhZCI6OTAwMDAwMDAwMDAwLCJ1cGRhdGUiOjYwMDAwMDAwMDAwMH0sInNjaGVtYV92ZXJzaW9uIjoiMiJ9",
          "dependencies": [
            "module.web.aws_security_group.bastion_sg",
            "module.web.aws_security_group.private_sg",
            "module.web.aws_subnet.private",
            "module.web.aws_vpc.Terraform_vpc"
          ]
        }
      ]
    },
    {
      "module": "module.web",
      "mode": "managed",
      "type": "aws_instance",
      "name": "public_instances",
      "provider": "module.web.provider[\"registry.terraform.io/hashicorp/aws\"]",
      "instances": [
        {
          "index_key": 0,
          "schema_version": 2,
          "attributes": {
            "ami": "ami-020cba7c55df1f615",
            "arn": "arn:aws:ec2:us-east-1:180344874861:instance/i-01894e8909c6bdafd",
            "associate_public_ip_address": true,
            "availability_zone": "us-east-1a",
            "capacity_reservation_specification": [
              {
                "capacity_reservation_preference": "open",
                "capacity_reservation_target": []
              }
            ],
            "cpu_options": [
              {
                "amd_sev_snp": "",
                "core_count": 1,
                "threads_per_core": 1
              }
            ],
            "credit_specification": [
              {
                "cpu_credits": "standard"
              }
            ],
            "disable_api_stop": false,
            "disable_api_termination": false,
            "ebs_block_device": [],
            "ebs_optimized": false,
            "enable_primary_ipv6": null,
            "enclave_options": [
              {
                "enabled": false
              }
            ],
            "ephemeral_block_device": [],
            "force_destroy": false,
            "get_password_data": false,
            "hibernation": false,
            "host_id": "",
            "host_resource_group_arn": null,
            "iam_instance_profile": "",
            "id": "i-01894e8909c6bdafd",
            "instance_initiated_shutdown_behavior": "stop",
            "instance_lifecycle": "",
            "instance_market_options": [],
            "instance_state": "running",
            "instance_type": "t2.micro",
            "ipv6_address_count": 0,
            "ipv6_addresses": [],
            "key_name": "dev-my-key",
            "launch_template": [],
            "maintenance_options": [
              {
                "auto_recovery": "default"
              }
            ],
            "metadata_options": [
              {
                "http_endpoint": "enabled",
                "http_protocol_ipv6": "disabled",
                "http_put_response_hop_limit": 2,
                "http_tokens": "required",
                "instance_metadata_tags": "disabled"
              }
            ],
            "monitoring": false,
            "network_interface": [],
            "outpost_arn": "",
            "password_data": "",
            "placement_group": "",
            "placement_partition_number": 0,
            "primary_network_interface_id": "eni-05e73d72f4cedc756",
            "private_dns": "ip-10-0-1-210.ec2.internal",
            "private_dns_name_options": [
              {
                "enable_resource_name_dns_a_record": false,
                "enable_resource_name_dns_aaaa_record": false,
                "hostname_type": "ip-name"
              }
            ],
            "private_ip": "10.0.1.210",
            "public_dns": "ec2-44-222-161-117.compute-1.amazonaws.com",
            "public_ip": "44.222.161.117",
            "region": "us-east-1",
            "root_block_device": [
              {
                "delete_on_termination": true,
                "device_name": "/dev/sda1",
                "encrypted": false,
                "iops": 3000,
                "kms_key_id": "",
                "tags": {},
                "tags_all": {},
                "throughput": 125,
                "volume_id": "vol-0081347d93ab7fd67",
                "volume_size": 8,
                "volume_type": "gp3"
              }
            ],
            "secondary_private_ips": [],
            "security_groups": [],
            "source_dest_check": true,
            "spot_instance_request_id": "",
            "subnet_id": "subnet-023eed6f55fa220c4",
            "tags": {
              "Name": "dev-bastion-public-instance-1"
            },
            "tags_all": {
              "Name": "dev-bastion-public-instance-1"
            },
            "tenancy": "default",
            "timeouts": null,
            "user_data": null,
            "user_data_base64": null,
            "user_data_replace_on_change": false,
            "volume_tags": null,
            "vpc_security_group_ids": [
              "sg-0348e09f2ef174f04"
            ]
          },
          "sensitive_attributes": [],
          "identity_schema_version": 0,
          "private": "eyJlMmJmYjczMC1lY2FhLTExZTYtOGY4OC0zNDM2M2JjN2M0YzAiOnsiY3JlYXRlIjo2MDAwMDAwMDAwMDAsImRlbGV0ZSI6MTIwMDAwMDAwMDAwMCwicmVhZCI6OTAwMDAwMDAwMDAwLCJ1cGRhdGUiOjYwMDAwMDAwMDAwMH0sInNjaGVtYV92ZXJzaW9uIjoiMiJ9",
          "dependencies": [
            "module.web.aws_security_group.bastion_sg",
            "module.web.aws_subnet.public",
            "module.web.aws_vpc.Terraform_vpc"
          ]
        },
        {
          "index_key": 1,
          "schema_version": 2,
          "attributes": {
            "ami": "ami-020cba7c55df1f615",
            "arn": "arn:aws:ec2:us-east-1:180344874861:instance/i-001d6f94e5cfbff62",
            "associate_public_ip_address": true,
            "availability_zone": "us-east-1a",
            "capacity_reservation_specification": [
              {
                "capacity_reservation_preference": "open",
                "capacity_reservation_target": []
              }
            ],
            "cpu_options": [
              {
                "amd_sev_snp": "",
                "core_count": 1,
                "threads_per_core": 1
              }
            ],
            "credit_specification": [
              {
                "cpu_credits": "standard"
              }
            ],
            "disable_api_stop": false,
            "disable_api_termination": false,
            "ebs_block_device": [],
            "ebs_optimized": false,
            "enable_primary_ipv6": null,
            "enclave_options": [
              {
                "enabled": false
              }
            ],
            "ephemeral_block_device": [],
            "force_destroy": false,
            "get_password_data": false,
            "hibernation": false,
            "host_id": "",
            "host_resource_group_arn": null,
            "iam_instance_profile": "",
            "id": "i-001d6f94e5cfbff62",
            "instance_initiated_shutdown_behavior": "stop",
            "instance_lifecycle": "",
            "instance_market_options": [],
            "instance_state": "running",
            "instance_type": "t2.micro",
            "ipv6_address_count": 0,
            "ipv6_addresses": [],
            "key_name": "dev-my-key",
            "launch_template": [],
            "maintenance_options": [
              {
                "auto_recovery": "default"
              }
            ],
            "metadata_options": [
              {
                "http_endpoint": "enabled",
                "http_protocol_ipv6": "disabled",
                "http_put_response_hop_limit": 2,
                "http_tokens": "required",
                "instance_metadata_tags": "disabled"
              }
            ],
            "monitoring": false,
            "network_interface": [],
            "outpost_arn": "",
            "password_data": "",
            "placement_group": "",
            "placement_partition_number": 0,
            "primary_network_interface_id": "eni-007beeafaae04a2f4",
            "private_dns": "ip-10-0-1-197.ec2.internal",
            "private_dns_name_options": [
              {
                "enable_resource_name_dns_a_record": false,
                "enable_resource_name_dns_aaaa_record": false,
                "hostname_type": "ip-name"
              }
            ],
            "private_ip": "10.0.1.197",
            "public_dns": "ec2-44-203-16-220.compute-1.amazonaws.com",
            "public_ip": "44.203.16.220",
            "region": "us-east-1",
            "root_block_device": [
              {
                "delete_on_termination": true,
                "device_name": "/dev/sda1",
                "encrypted": false,
                "iops": 3000,
                "kms_key_id": "",
                "tags": {},
                "tags_all": {},
                "throughput": 125,
                "volume_id": "vol-0ad052801f8026a43",
                "volume_size": 8,
                "volume_type": "gp3"
              }
            ],
            "secondary_private_ips": [],
            "security_groups": [],
            "source_dest_check": true,
            "spot_instance_request_id": "",
            "subnet_id": "subnet-023eed6f55fa220c4",
            "tags": {
              "Name": "dev-bastion-public-instance-2"
            },
            "tags_all": {
              "Name": "dev-bastion-public-instance-2"
            },
            "tenancy": "default",
            "timeouts": null,
            "user_data": null,
            "user_data_base64": null,
            "user_data_replace_on_change": false,
            "volume_tags": null,
            "vpc_security_group_ids": [
              "sg-0348e09f2ef174f04"
            ]
          },
          "sensitive_attributes": [],
          "identity_schema_version": 0,
          "private": "eyJlMmJmYjczMC1lY2FhLTExZTYtOGY4OC0zNDM2M2JjN2M0YzAiOnsiY3JlYXRlIjo2MDAwMDAwMDAwMDAsImRlbGV0ZSI6MTIwMDAwMDAwMDAwMCwicmVhZCI6OTAwMDAwMDAwMDAwLCJ1cGRhdGUiOjYwMDAwMDAwMDAwMH0sInNjaGVtYV92ZXJzaW9uIjoiMiJ9",
          "dependencies": [
            "module.web.aws_security_group.bastion_sg",
            "module.web.aws_subnet.public",
            "module.web.aws_vpc.Terraform_vpc"
          ]
        }
      ]
    },
    {
      "module": "module.web",
      "mode": "managed",
      "type": "aws_internet_gateway",
      "name": "private_internet_gateway",
      "provider": "module.web.provider[\"registry.terraform.io/hashicorp/aws\"]",
      "instances": [
        {
          "schema_version": 0,
          "attributes": {
            "arn": "arn:aws:ec2:us-east-1:180344874861:internet-gateway/igw-06a136ba882272b0f",
            "id": "igw-06a136ba882272b0f",
            "owner_id": "180344874861",
            "region": "us-east-1",
            "tags": {
              "Name": "dev-private_internet_gateway"
            },
            "tags_all": {
              "Name": "dev-private_internet_gateway"
            },
            "timeouts": null,
            "vpc_id": "vpc-0187c34e451ac7ede"
          },
          "sensitive_attributes": [],
          "identity_schema_version": 0,
          "private": "eyJlMmJmYjczMC1lY2FhLTExZTYtOGY4OC0zNDM2M2JjN2M0YzAiOnsiY3JlYXRlIjoxMjAwMDAwMDAwMDAwLCJkZWxldGUiOjEyMDAwMDAwMDAwMDAsInVwZGF0ZSI6MTIwMDAwMDAwMDAwMH19",
          "dependencies": [
            "module.web.aws_vpc.Terraform_vpc"
          ]
        }
      ]
    },
    {
      "module": "module.web",
      "mode": "managed",
      "type": "aws_key_pair",
      "name": "key_generation",
      "provider": "module.web.provider[\"registry.terraform.io/hashicorp/aws\"]",
      "instances": [
        {
          "schema_version": 1,
          "attributes": {
            "arn": "arn:aws:ec2:us-east-1:180344874861:key-pair/dev-my-key",
            "fingerprint": "wSFM5D8hfIQtU64zLeMppnN6UNyVkFREIU5dLQF+NYE=",
            "id": "dev-my-key",
            "key_name": "dev-my-key",
            "key_name_prefix": "",
            "key_pair_id": "key-026eb3a043aa84990",
            "key_type": "ed25519",
            "public_key": "ssh-ed25519 AAAAC3NzaC1lZDI1NTE5AAAAIOH9ZY7OCn7Z7adp/R5cdzYHXivGjTtq8cwAt0Q5jh/O basannagouda_biradar@ThinkPad-E14-Gen-2",
            "region": "us-east-1",
            "tags": {},
            "tags_all": {}
          },
          "sensitive_attributes": [],
          "identity_schema_version": 0,
          "private": "eyJzY2hlbWFfdmVyc2lvbiI6IjEifQ=="
        }
      ]
    },
    {
      "module": "module.web",
      "mode": "managed",
      "type": "aws_route_table",
      "name": "private",
      "provider": "module.web.provider[\"registry.terraform.io/hashicorp/aws\"]",
      "instances": [
        {
          "schema_version": 0,
          "attributes": {
            "arn": "arn:aws:ec2:us-east-1:180344874861:route-table/rtb-0e6fecb5add435e43",
            "id": "rtb-0e6fecb5add435e43",
            "owner_id": "180344874861",
            "propagating_vgws": [],
            "region": "us-east-1",
            "route": [
              {
                "carrier_gateway_id": "",
                "cidr_block": "0.0.0.0/0",
                "core_network_arn": "",
                "destination_prefix_list_id": "",
                "egress_only_gateway_id": "",
                "gateway_id": "",
                "ipv6_cidr_block": "",
                "local_gateway_id": "",
                "nat_gateway_id": "",
                "network_interface_id": "eni-0b7f57d59d1f871bf",
                "transit_gateway_id": "",
                "vpc_endpoint_id": "",
                "vpc_peering_connection_id": ""
              }
            ],
            "tags": {
              "Name": "dev-private-rt"
            },
            "tags_all": {
              "Name": "dev-private-rt"
            },
            "timeouts": null,
            "vpc_id": "vpc-0187c34e451ac7ede"
          },
          "sensitive_attributes": [],
          "identity_schema_version": 0,
          "private": "eyJlMmJmYjczMC1lY2FhLTExZTYtOGY4OC0zNDM2M2JjN2M0YzAiOnsiY3JlYXRlIjozMDAwMDAwMDAwMDAsImRlbGV0ZSI6MzAwMDAwMDAwMDAwLCJ1cGRhdGUiOjEyMDAwMDAwMDAwMH19",
          "dependencies": [
            "module.web.aws_instance.nat_instance",
            "module.web.aws_security_group.nat_sg",
            "module.web.aws_subnet.public",
            "module.web.aws_vpc.Terraform_vpc"
          ]
        }
      ]
    },
    {
      "module": "module.web",
      "mode": "managed",
      "type": "aws_route_table",
      "name": "public",
      "provider": "module.web.provider[\"registry.terraform.io/hashicorp/aws\"]",
      "instances": [
        {
          "schema_version": 0,
          "attributes": {
            "arn": "arn:aws:ec2:us-east-1:180344874861:route-table/rtb-08b8593fb3c73777b",
            "id": "rtb-08b8593fb3c73777b",
            "owner_id": "180344874861",
            "propagating_vgws": [],
            "region": "us-east-1",
            "route": [
              {
                "carrier_gateway_id": "",
                "cidr_block": "0.0.0.0/0",
                "core_network_arn": "",
                "destination_prefix_list_id": "",
                "egress_only_gateway_id": "",
                "gateway_id": "igw-06a136ba882272b0f",
                "ipv6_cidr_block": "",
                "local_gateway_id": "",
                "nat_gateway_id": "",
                "network_interface_id": "",
                "transit_gateway_id": "",
                "vpc_endpoint_id": "",
                "vpc_peering_connection_id": ""
              }
            ],
            "tags": {
              "Name": "dev-public-rt"
            },
            "tags_all": {
              "Name": "dev-public-rt"
            },
            "timeouts": null,
            "vpc_id": "vpc-0187c34e451ac7ede"
          },
          "sensitive_attributes": [],
          "identity_schema_version": 0,
          "private": "eyJlMmJmYjczMC1lY2FhLTExZTYtOGY4OC0zNDM2M2JjN2M0YzAiOnsiY3JlYXRlIjozMDAwMDAwMDAwMDAsImRlbGV0ZSI6MzAwMDAwMDAwMDAwLCJ1cGRhdGUiOjEyMDAwMDAwMDAwMH19",
          "dependencies": [
            "module.web.aws_internet_gateway.private_internet_gateway",
            "module.web.aws_vpc.Terraform_vpc"
          ]
        }
      ]
    },
    {
      "module": "module.web",
      "mode": "managed",
      "type": "aws_route_table_association",
      "name": "private_assoc",
      "provider": "module.web.provider[\"registry.terraform.io/hashicorp/aws\"]",
      "instances": [
        {
          "index_key": 0,
          "schema_version": 0,
          "attributes": {
            "gateway_id": "",
            "id": "rtbassoc-02c7d23fdb0b0b16c",
            "region": "us-east-1",
            "route_table_id": "rtb-0e6fecb5add435e43",
            "subnet_id": "subnet-02f66892f57a3ab4a",
            "timeouts": null
          },
          "sensitive_attributes": [],
          "identity_schema_version": 0,
          "private": "eyJlMmJmYjczMC1lY2FhLTExZTYtOGY4OC0zNDM2M2JjN2M0YzAiOnsiY3JlYXRlIjozMDAwMDAwMDAwMDAsImRlbGV0ZSI6MzAwMDAwMDAwMDAwLCJ1cGRhdGUiOjEyMDAwMDAwMDAwMH19",
          "dependencies": [
            "module.web.aws_instance.nat_instance",
            "module.web.aws_route_table.private",
            "module.web.aws_security_group.nat_sg",
            "module.web.aws_subnet.private",
            "module.web.aws_subnet.public",
            "module.web.aws_vpc.Terraform_vpc"
          ]
        }
      ]
    },
    {
      "module": "module.web",
      "mode": "managed",
      "type": "aws_route_table_association",
      "name": "public_assoc",
      "provider": "module.web.provider[\"registry.terraform.io/hashicorp/aws\"]",
      "instances": [
        {
          "index_key": 0,
          "schema_version": 0,
          "attributes": {
            "gateway_id": "",
            "id": "rtbassoc-0e7c6015ecf41fa90",
            "region": "us-east-1",
            "route_table_id": "rtb-08b8593fb3c73777b",
            "subnet_id": "subnet-023eed6f55fa220c4",
            "timeouts": null
          },
          "sensitive_attributes": [],
          "identity_schema_version": 0,
          "private": "eyJlMmJmYjczMC1lY2FhLTExZTYtOGY4OC0zNDM2M2JjN2M0YzAiOnsiY3JlYXRlIjozMDAwMDAwMDAwMDAsImRlbGV0ZSI6MzAwMDAwMDAwMDAwLCJ1cGRhdGUiOjEyMDAwMDAwMDAwMH19",
          "dependencies": [
            "module.web.aws_internet_gateway.private_internet_gateway",
            "module.web.aws_route_table.public",
            "module.web.aws_subnet.public",
            "module.web.aws_vpc.Terraform_vpc"
          ]
        }
      ]
    },
    {
      "module": "module.web",
      "mode": "managed",
      "type": "aws_security_group",
      "name": "bastion_sg",
      "provider": "module.web.provider[\"registry.terraform.io/hashicorp/aws\"]",
      "instances": [
        {
          "schema_version": 1,
          "attributes": {
            "arn": "arn:aws:ec2:us-east-1:180344874861:security-group/sg-0348e09f2ef174f04",
            "description": "Managed by Terraform",
            "egress": [
              {
                "cidr_blocks": [
                  "0.0.0.0/0"
                ],
                "description": "",
                "from_port": 0,
                "ipv6_cidr_blocks": [],
                "prefix_list_ids": [],
                "protocol": "-1",
                "security_groups": [],
                "self": false,
                "to_port": 0
              }
            ],
            "id": "sg-0348e09f2ef174f04",
            "ingress": [
              {
                "cidr_blocks": [
                  "0.0.0.0/0"
                ],
                "description": "Allow SSH from my IP",
                "from_port": 22,
                "ipv6_cidr_blocks": [],
                "prefix_list_ids": [],
                "protocol": "tcp",
                "security_groups": [],
                "self": false,
                "to_port": 22
              },
              {
                "cidr_blocks": [
                  "0.0.0.0/0"
                ],
                "description": "HTTP from my IP",
                "from_port": 80,
                "ipv6_cidr_blocks": [],
                "prefix_list_ids": [],
                "protocol": "tcp",
                "security_groups": [],
                "self": false,
                "to_port": 80
              }
            ],
            "name": "dev-bastion-sg",
            "name_prefix": "",
            "owner_id": "180344874861",
            "region": "us-east-1",
            "revoke_rules_on_delete": false,
            "tags": {
              "Name": "dev-bastion-sg"
            },
            "tags_all": {
              "Name": "dev-bastion-sg"
            },
            "timeouts": null,
            "vpc_id": "vpc-0187c34e451ac7ede"
          },
          "sensitive_attributes": [],
          "identity_schema_version": 0,
          "identity": {
            "account_id": "180344874861",
            "id": "sg-0348e09f2ef174f04",
            "region": "us-east-1"
          },
          "private": "eyJlMmJmYjczMC1lY2FhLTExZTYtOGY4OC0zNDM2M2JjN2M0YzAiOnsiY3JlYXRlIjo2MDAwMDAwMDAwMDAsImRlbGV0ZSI6OTAwMDAwMDAwMDAwfSwic2NoZW1hX3ZlcnNpb24iOiIxIn0=",
          "dependencies": [
            "module.web.aws_vpc.Terraform_vpc"
          ]
        }
      ]
    },
    {
      "module": "module.web",
      "mode": "managed",
      "type": "aws_security_group",
      "name": "nat_sg",
      "provider": "module.web.provider[\"registry.terraform.io/hashicorp/aws\"]",
      "instances": [
        {
          "schema_version": 1,
          "attributes": {
            "arn": "arn:aws:ec2:us-east-1:180344874861:security-group/sg-0456d61b141f22b4c",
            "description": "Security group for NAT Instance",
            "egress": [
              {
                "cidr_blocks": [
                  "0.0.0.0/0"
                ],
                "description": "Allow all outbound internet traffic",
                "from_port": 0,
                "ipv6_cidr_blocks": [],
                "prefix_list_ids": [],
                "protocol": "-1",
                "security_groups": [],
                "self": false,
                "to_port": 0
              }
            ],
            "id": "sg-0456d61b141f22b4c",
            "ingress": [
              {
                "cidr_blocks": [
                  "10.0.3.0/24"
                ],
                "description": "Allow all traffic from private subnet",
                "from_port": 0,
                "ipv6_cidr_blocks": [],
                "prefix_list_ids": [],
                "protocol": "-1",
                "security_groups": [],
                "self": false,
                "to_port": 0
              }
            ],
            "name": "dev-nat-sg",
            "name_prefix": "",
            "owner_id": "180344874861",
            "region": "us-east-1",
            "revoke_rules_on_delete": false,
            "tags": {
              "Name": "dev-nat-sg"
            },
            "tags_all": {
              "Name": "dev-nat-sg"
            },
            "timeouts": null,
            "vpc_id": "vpc-0187c34e451ac7ede"
          },
          "sensitive_attributes": [],
          "identity_schema_version": 0,
          "identity": {
            "account_id": "180344874861",
            "id": "sg-0456d61b141f22b4c",
            "region": "us-east-1"
          },
          "private": "eyJlMmJmYjczMC1lY2FhLTExZTYtOGY4OC0zNDM2M2JjN2M0YzAiOnsiY3JlYXRlIjo2MDAwMDAwMDAwMDAsImRlbGV0ZSI6OTAwMDAwMDAwMDAwfSwic2NoZW1hX3ZlcnNpb24iOiIxIn0=",
          "dependencies": [
            "module.web.aws_vpc.Terraform_vpc"
          ]
        }
      ]
    },
    {
      "module": "module.web",
      "mode": "managed",
      "type": "aws_security_group",
      "name": "private_sg",
      "provider": "module.web.provider[\"registry.terraform.io/hashicorp/aws\"]",
      "instances": [
        {
          "schema_version": 1,
          "attributes": {
            "arn": "arn:aws:ec2:us-east-1:180344874861:security-group/sg-08903ea8d39019972",
            "description": "Managed by Terraform",
            "egress": [
              {
                "cidr_blocks": [
                  "0.0.0.0/0"
                ],
                "description": "",
                "from_port": 0,
                "ipv6_cidr_blocks": [],
                "prefix_list_ids": [],
                "protocol": "-1",
                "security_groups": [],
                "self": false,
                "to_port": 0
              }
            ],
            "id": "sg-08903ea8d39019972",
            "ingress": [
              {
                "cidr_blocks": [
                  "122.179.16.155/32"
                ],
                "description": "HTTP from my IP",
                "from_port": 80,
                "ipv6_cidr_blocks": [],
                "prefix_list_ids": [],
                "protocol": "tcp",
                "security_groups": [],
                "self": false,
                "to_port": 80
              },
              {
                "cidr_blocks": [],
                "description": "Allow SSH from Bastion Host",
                "from_port": 22,
                "ipv6_cidr_blocks": [],
                "prefix_list_ids": [],
                "protocol": "tcp",
                "security_groups": [
                  "sg-0348e09f2ef174f04"
                ],
                "self": false,
                "to_port": 22
              },
              {
                "cidr_blocks": [],
                "description": "Allow Tomcat (8080) from Bastion Host",
                "from_port": 8080,
                "ipv6_cidr_blocks": [],
                "prefix_list_ids": [],
                "protocol": "tcp",
                "security_groups": [
                  "sg-0348e09f2ef174f04"
                ],
                "self": false,
                "to_port": 8080
              }
            ],
            "name": "dev-private-sg",
            "name_prefix": "",
            "owner_id": "180344874861",
            "region": "us-east-1",
            "revoke_rules_on_delete": false,
            "tags": {
              "Name": "dev-private-sg"
            },
            "tags_all": {
              "Name": "dev-private-sg"
            },
            "timeouts": null,
            "vpc_id": "vpc-0187c34e451ac7ede"
          },
          "sensitive_attributes": [],
          "identity_schema_version": 0,
          "identity": {
            "account_id": "180344874861",
            "id": "sg-08903ea8d39019972",
            "region": "us-east-1"
          },
          "private": "eyJlMmJmYjczMC1lY2FhLTExZTYtOGY4OC0zNDM2M2JjN2M0YzAiOnsiY3JlYXRlIjo2MDAwMDAwMDAwMDAsImRlbGV0ZSI6OTAwMDAwMDAwMDAwfSwic2NoZW1hX3ZlcnNpb24iOiIxIn0=",
          "dependencies": [
            "module.web.aws_security_group.bastion_sg",
            "module.web.aws_vpc.Terraform_vpc"
          ]
        }
      ]
    },
    {
      "module": "module.web",
      "mode": "managed",
      "type": "aws_subnet",
      "name": "private",
      "provider": "module.web.provider[\"registry.terraform.io/hashicorp/aws\"]",
      "instances": [
        {
          "index_key": 0,
          "schema_version": 1,
          "attributes": {
            "arn": "arn:aws:ec2:us-east-1:180344874861:subnet/subnet-02f66892f57a3ab4a",
            "assign_ipv6_address_on_creation": false,
            "availability_zone": "us-east-1a",
            "availability_zone_id": "use1-az1",
            "cidr_block": "10.0.3.0/24",
            "customer_owned_ipv4_pool": "",
            "enable_dns64": false,
            "enable_lni_at_device_index": 0,
            "enable_resource_name_dns_a_record_on_launch": false,
            "enable_resource_name_dns_aaaa_record_on_launch": false,
            "id": "subnet-02f66892f57a3ab4a",
            "ipv6_cidr_block": "",
            "ipv6_cidr_block_association_id": "",
            "ipv6_native": false,
            "map_customer_owned_ip_on_launch": false,
            "map_public_ip_on_launch": false,
            "outpost_arn": "",
            "owner_id": "180344874861",
            "private_dns_hostname_type_on_launch": "ip-name",
            "region": "us-east-1",
            "tags": {
              "Name": "dev-private-1"
            },
            "tags_all": {
              "Name": "dev-private-1"
            },
            "timeouts": null,
            "vpc_id": "vpc-0187c34e451ac7ede"
          },
          "sensitive_attributes": [],
          "identity_schema_version": 0,
          "private": "eyJlMmJmYjczMC1lY2FhLTExZTYtOGY4OC0zNDM2M2JjN2M0YzAiOnsiY3JlYXRlIjo2MDAwMDAwMDAwMDAsImRlbGV0ZSI6MTIwMDAwMDAwMDAwMH0sInNjaGVtYV92ZXJzaW9uIjoiMSJ9",
          "dependencies": [
            "module.web.aws_vpc.Terraform_vpc"
          ]
        }
      ]
    },
    {
      "module": "module.web",
      "mode": "managed",
      "type": "aws_subnet",
      "name": "public",
      "provider": "module.web.provider[\"registry.terraform.io/hashicorp/aws\"]",
      "instances": [
        {
          "index_key": 0,
          "schema_version": 1,
          "attributes": {
            "arn": "arn:aws:ec2:us-east-1:180344874861:subnet/subnet-023eed6f55fa220c4",
            "assign_ipv6_address_on_creation": false,
            "availability_zone": "us-east-1a",
            "availability_zone_id": "use1-az1",
            "cidr_block": "10.0.1.0/24",
            "customer_owned_ipv4_pool": "",
            "enable_dns64": false,
            "enable_lni_at_device_index": 0,
            "enable_resource_name_dns_a_record_on_launch": false,
            "enable_resource_name_dns_aaaa_record_on_launch": false,
            "id": "subnet-023eed6f55fa220c4",
            "ipv6_cidr_block": "",
            "ipv6_cidr_block_association_id": "",
            "ipv6_native": false,
            "map_customer_owned_ip_on_launch": false,
            "map_public_ip_on_launch": true,
            "outpost_arn": "",
            "owner_id": "180344874861",
            "private_dns_hostname_type_on_launch": "ip-name",
            "region": "us-east-1",
            "tags": {
              "Name": "dev-public-1"
            },
            "tags_all": {
              "Name": "dev-public-1"
            },
            "timeouts": null,
            "vpc_id": "vpc-0187c34e451ac7ede"
          },
          "sensitive_attributes": [],
          "identity_schema_version": 0,
          "private": "eyJlMmJmYjczMC1lY2FhLTExZTYtOGY4OC0zNDM2M2JjN2M0YzAiOnsiY3JlYXRlIjo2MDAwMDAwMDAwMDAsImRlbGV0ZSI6MTIwMDAwMDAwMDAwMH0sInNjaGVtYV92ZXJzaW9uIjoiMSJ9",
          "dependencies": [
            "module.web.aws_vpc.Terraform_vpc"
          ]
        }
      ]
    },
    {
      "module": "module.web",
      "mode": "managed",
      "type": "aws_vpc",
      "name": "Terraform_vpc",
      "provider": "module.web.provider[\"registry.terraform.io/hashicorp/aws\"]",
      "instances": [
        {
          "schema_version": 1,
          "attributes": {
            "arn": "arn:aws:ec2:us-east-1:180344874861:vpc/vpc-0187c34e451ac7ede",
            "assign_generated_ipv6_cidr_block": false,
            "cidr_block": "10.0.0.0/16",
            "default_network_acl_id": "acl-0fdddcda0d1a11c74",
            "default_route_table_id": "rtb-0ddd2c5953dda273d",
            "default_security_group_id": "sg-0dbae130ef347dcc7",
            "dhcp_options_id": "dopt-055139cc1912ba6ad",
            "enable_dns_hostnames": true,
            "enable_dns_support": true,
            "enable_network_address_usage_metrics": false,
            "id": "vpc-0187c34e451ac7ede",
            "instance_tenancy": "default",
            "ipv4_ipam_pool_id": null,
            "ipv4_netmask_length": null,
            "ipv6_association_id": "",
            "ipv6_cidr_block": "",
            "ipv6_cidr_block_network_border_group": "",
            "ipv6_ipam_pool_id": "",
            "ipv6_netmask_length": 0,
            "main_route_table_id": "rtb-0ddd2c5953dda273d",
            "owner_id": "180344874861",
            "region": "us-east-1",
            "tags": {
              "Name": "dev-vpc"
            },
            "tags_all": {
              "Name": "dev-vpc"
            }
          },
          "sensitive_attributes": [],
          "identity_schema_version": 0,
          "private": "eyJzY2hlbWFfdmVyc2lvbiI6IjEifQ=="
        }
      ]
    }
  ],
  "check_results": null
}
